
Microsoft Visual Studio Solution File, Format Version 12.00
# Visual Studio Express 2013 for Web
VisualStudioVersion = 12.0.30324.0
MinimumVisualStudioVersion = 10.0.40219.1
Project("{FAE04EC0-301F-11D3-BF4B-00C04F79EFBC}") = "mial.logService", "mial.logService\mial.logService.csproj", "{2F840906-1A2E-4695-9B57-49CE4CCA69FC}"
EndProject
Project("{FAE04EC0-301F-11D3-BF4B-00C04F79EFBC}") = "mial.logService.docs", "mial.logService.docs\mial.logService.docs.csproj", "{7289CA0E-6F96-48D3-9781-0166C0513803}"
EndProject
Project("{FAE04EC0-301F-11D3-BF4B-00C04F79EFBC}") = "mial.logService.logic", "mial.logService.logic\mial.logService.logic.csproj", "{DCCCCE04-C2DF-4533-A175-1EEEA0EE873D}"
EndProject
Global
	GlobalSection(SolutionConfigurationPlatforms) = preSolution
		Debug|Any CPU = Debug|Any CPU
		Release|Any CPU = Release|Any CPU
	EndGlobalSection
	GlobalSection(ProjectConfigurationPlatforms) = postSolution
		{2F840906-1A2E-4695-9B57-49CE4CCA69FC}.Debug|Any CPU.ActiveCfg = Debug|Any CPU
		{2F840906-1A2E-4695-9B57-49CE4CCA69FC}.Debug|Any CPU.Build.0 = Debug|Any CPU
		{2F840906-1A2E-4695-9B57-49CE4CCA69FC}.Release|Any CPU.ActiveCfg = Release|Any CPU
		{2F840906-1A2E-4695-9B57-49CE4CCA69FC}.Release|Any CPU.Build.0 = Release|Any CPU
		{7289CA0E-6F96-48D3-9781-0166C0513803}.Debug|Any CPU.ActiveCfg = Debug|Any CPU
		{7289CA0E-6F96-48D3-9781-0166C0513803}.Debug|Any CPU.Build.0 = Debug|Any CPU
		{7289CA0E-6F96-48D3-9781-0166C0513803}.Release|Any CPU.ActiveCfg = Release|Any CPU
		{7289CA0E-6F96-48D3-9781-0166C0513803}.Release|Any CPU.Build.0 = Release|Any CPU
		{DCCCCE04-C2DF-4533-A175-1EEEA0EE873D}.Debug|Any CPU.ActiveCfg = Debug|Any CPU
		{DCCCCE04-C2DF-4533-A175-1EEEA0EE873D}.Debug|Any CPU.Build.0 = Debug|Any CPU
		{DCCCCE04-C2DF-4533-A175-1EEEA0EE873D}.Release|Any CPU.ActiveCfg = Release|Any CPU
		{DCCCCE04-C2DF-4533-A175-1EEEA0EE873D}.Release|Any CPU.Build.0 = Release|Any CPU
	EndGlobalSection
	GlobalSection(SolutionProperties) = preSolution
		HideSolutionNode = FALSE
	EndGlobalSection
EndGlobal
